
Microsoft Visual Studio Solution File, Format Version 12.00
# Visual Studio 15
VisualStudioVersion = 15.0.27428.2043
MinimumVisualStudioVersion = 10.0.40219.1
Project("{9092AA53-FB77-4645-B42D-1CCCA6BD08BD}") = "OutlineMD", "OutlineMD\OutlineMD.njsproj", "{CD160E2C-2008-4C49-BA54-6E86BE90C776}"
EndProject
Global
	GlobalSection(SolutionConfigurationPlatforms) = preSolution
		Debug|Any CPU = Debug|Any CPU
		Release|Any CPU = Release|Any CPU
	EndGlobalSection
	GlobalSection(ProjectConfigurationPlatforms) = postSolution
		{CD160E2C-2008-4C49-BA54-6E86BE90C776}.Debug|Any CPU.ActiveCfg = Debug|Any CPU
		{CD160E2C-2008-4C49-BA54-6E86BE90C776}.Debug|Any CPU.Build.0 = Debug|Any CPU
		{CD160E2C-2008-4C49-BA54-6E86BE90C776}.Release|Any CPU.ActiveCfg = Release|Any CPU
		{CD160E2C-2008-4C49-BA54-6E86BE90C776}.Release|Any CPU.Build.0 = Release|Any CPU
	EndGlobalSection
	GlobalSection(SolutionProperties) = preSolution
		HideSolutionNode = FALSE
	EndGlobalSection
	GlobalSection(ExtensibilityGlobals) = postSolution
		SolutionGuid = {F572744E-D1A0-4BEF-A5D7-ED59EBF9EB1B}
	EndGlobalSection
EndGlobal
